
Microsoft Visual Studio Solution File, Format Version 12.00
# Visual Studio Version 17
VisualStudioVersion = 17.14.36518.9 d17.14
MinimumVisualStudioVersion = 10.0.40219.1
Project("{8BC9CEB8-8B4A-11D0-8D11-00A0C91BC942}") = "Задание 1 Номер 1", "Задание 1 Номер 1.vcxproj", "{5D60368C-8B8D-4431-9EF1-0E6C43E0C808}"
EndProject
Global
	GlobalSection(SolutionConfigurationPlatforms) = preSolution
		Debug|x64 = Debug|x64
		Debug|x86 = Debug|x86
		Release|x64 = Release|x64
		Release|x86 = Release|x86
	EndGlobalSection
	GlobalSection(ProjectConfigurationPlatforms) = postSolution
		{5D60368C-8B8D-4431-9EF1-0E6C43E0C808}.Debug|x64.ActiveCfg = Debug|x64
		{5D60368C-8B8D-4431-9EF1-0E6C43E0C808}.Debug|x64.Build.0 = Debug|x64
		{5D60368C-8B8D-4431-9EF1-0E6C43E0C808}.Debug|x86.ActiveCfg = Debug|Win32
		{5D60368C-8B8D-4431-9EF1-0E6C43E0C808}.Debug|x86.Build.0 = Debug|Win32
		{5D60368C-8B8D-4431-9EF1-0E6C43E0C808}.Release|x64.ActiveCfg = Release|x64
		{5D60368C-8B8D-4431-9EF1-0E6C43E0C808}.Release|x64.Build.0 = Release|x64
		{5D60368C-8B8D-4431-9EF1-0E6C43E0C808}.Release|x86.ActiveCfg = Release|Win32
		{5D60368C-8B8D-4431-9EF1-0E6C43E0C808}.Release|x86.Build.0 = Release|Win32
	EndGlobalSection
	GlobalSection(SolutionProperties) = preSolution
		HideSolutionNode = FALSE
	EndGlobalSection
	GlobalSection(ExtensibilityGlobals) = postSolution
		SolutionGuid = {F668FA24-D3F3-4C64-AEBC-9A4832264DE6}
	EndGlobalSection
EndGlobal
